
Microsoft Visual Studio Solution File, Format Version 12.00
# Visual Studio 14
VisualStudioVersion = 14.0.25029.0
MinimumVisualStudioVersion = 10.0.40219.1
Project("{FAE04EC0-301F-11D3-BF4B-00C04F79EFBC}") = "BrightStarDb_App1", "BrightStarDb_App1\BrightStarDb_App1.csproj", "{D566CD44-575C-45D0-9B19-8F1E01AFAA6A}"
EndProject
Global
	GlobalSection(SolutionConfigurationPlatforms) = preSolution
		Debug|Any CPU = Debug|Any CPU
		Release|Any CPU = Release|Any CPU
	EndGlobalSection
	GlobalSection(ProjectConfigurationPlatforms) = postSolution
		{D566CD44-575C-45D0-9B19-8F1E01AFAA6A}.Debug|Any CPU.ActiveCfg = Debug|Any CPU
		{D566CD44-575C-45D0-9B19-8F1E01AFAA6A}.Debug|Any CPU.Build.0 = Debug|Any CPU
		{D566CD44-575C-45D0-9B19-8F1E01AFAA6A}.Release|Any CPU.ActiveCfg = Release|Any CPU
		{D566CD44-575C-45D0-9B19-8F1E01AFAA6A}.Release|Any CPU.Build.0 = Release|Any CPU
	EndGlobalSection
	GlobalSection(SolutionProperties) = preSolution
		HideSolutionNode = FALSE
	EndGlobalSection
EndGlobal
